{
  "name": "@completium/archetype",
  "version": "1.0.0",
  "lockfileVersion": 2,
  "requires": true,
  "packages": {
    "": {
      "name": "@completium/archetype",
      "version": "1.0.0",
      "license": "MIT",
      "devDependencies": {
        "@types/node": "^16.11.26"
      }
    },
    "node_modules/@types/node": {
      "version": "16.11.26",
      "resolved": "https://registry.npmjs.org/@types/node/-/node-16.11.26.tgz",
      "integrity": "sha512-GZ7bu5A6+4DtG7q9GsoHXy3ALcgeIHP4NnL0Vv2wu0uUB/yQex26v0tf6/na1mm0+bS9Uw+0DFex7aaKr2qawQ==",
      "dev": true
    }
  },
  "dependencies": {
    "@types/node": {
      "version": "16.11.26",
      "resolved": "https://registry.npmjs.org/@types/node/-/node-16.11.26.tgz",
      "integrity": "sha512-GZ7bu5A6+4DtG7q9GsoHXy3ALcgeIHP4NnL0Vv2wu0uUB/yQex26v0tf6/na1mm0+bS9Uw+0DFex7aaKr2qawQ==",
      "dev": true
    }
  }
}
